Microsoft Visual Studio Solution File, Format Version 12.00
# Visual Studio 15
VisualStudioVersion = 15.0.26430.15
MinimumVisualStudioVersion = 10.0.40219.1
Project("{2150E333-8FDC-42A3-9474-1A3956D46DE8}") = ".paket", ".paket", "{C186DE09-6698-42DE-9D41-C4FBB02B81BA}"
	ProjectSection(SolutionItems) = preProject
		..\paket.dependencies = ..\paket.dependencies
		..\paket.lock = ..\paket.lock
	EndProjectSection
EndProject
Project("{FAE04EC0-301F-11D3-BF4B-00C04F79EFBC}") = "Gallifrey", "Gallifrey\Gallifrey.csproj", "{4C344D86-4086-4F87-BD0F-4F8E23610CD7}"
EndProject
Project("{FAE04EC0-301F-11D3-BF4B-00C04F79EFBC}") = "Gallifrey.Jira", "Gallifrey.Jira\Gallifrey.Jira.csproj", "{FFCFED07-CD7C-46F9-98E5-B9D9116E40B1}"
EndProject
Project("{FAE04EC0-301F-11D3-BF4B-00C04F79EFBC}") = "Gallifrey.UI.Modern.Alpha", "Gallifrey.UI.Modern.Alpha\Gallifrey.UI.Modern.Alpha.csproj", "{3756CC69-7152-486A-9D5E-8E9D36B22775}"
EndProject
Project("{FAE04EC0-301F-11D3-BF4B-00C04F79EFBC}") = "Gallifrey.UI.Modern", "Gallifrey.UI.Modern\Gallifrey.UI.Modern.csproj", "{E3D0AA93-144A-4D2D-A41B-8D29E01D4566}"
EndProject
Project("{FAE04EC0-301F-11D3-BF4B-00C04F79EFBC}") = "Gallifrey.UI.Modern.Beta", "Gallifrey.UI.Modern.Beta\Gallifrey.UI.Modern.Beta.csproj", "{F316D824-798F-4A03-9926-F1A4CCE66B61}"
EndProject
Project("{FAE04EC0-301F-11D3-BF4B-00C04F79EFBC}") = "Gallifrey.UI.Modern.Stable", "Gallifrey.UI.Modern.Stable\Gallifrey.UI.Modern.Stable.csproj", "{6DF8CDD3-6864-4D32-845B-D17AB4D78F1C}"
EndProject
Project("{FAE04EC0-301F-11D3-BF4B-00C04F79EFBC}") = "Gallifrey.Rest", "Gallifrey.Rest\Gallifrey.Rest.csproj", "{8A31F054-4A64-4BFE-BE30-8846424C71F5}"
EndProject
Global
	GlobalSection(SolutionConfigurationPlatforms) = preSolution
		Debug|Any CPU = Debug|Any CPU
		Debug|Mixed Platforms = Debug|Mixed Platforms
		Debug|x86 = Debug|x86
		Release|Any CPU = Release|Any CPU
		Release|Mixed Platforms = Release|Mixed Platforms
		Release|x86 = Release|x86
	EndGlobalSection
	GlobalSection(ProjectConfigurationPlatforms) = postSolution
		{4C344D86-4086-4F87-BD0F-4F8E23610CD7}.Debug|Any CPU.ActiveCfg = Debug|Any CPU
		{4C344D86-4086-4F87-BD0F-4F8E23610CD7}.Debug|Any CPU.Build.0 = Debug|Any CPU
		{4C344D86-4086-4F87-BD0F-4F8E23610CD7}.Debug|Mixed Platforms.ActiveCfg = Debug|Any CPU
		{4C344D86-4086-4F87-BD0F-4F8E23610CD7}.Debug|Mixed Platforms.Build.0 = Debug|Any CPU
		{4C344D86-4086-4F87-BD0F-4F8E23610CD7}.Debug|x86.ActiveCfg = Debug|Any CPU
		{4C344D86-4086-4F87-BD0F-4F8E23610CD7}.Release|Any CPU.ActiveCfg = Release|Any CPU
		{4C344D86-4086-4F87-BD0F-4F8E23610CD7}.Release|Any CPU.Build.0 = Release|Any CPU
		{4C344D86-4086-4F87-BD0F-4F8E23610CD7}.Release|Mixed Platforms.ActiveCfg = Release|Any CPU
		{4C344D86-4086-4F87-BD0F-4F8E23610CD7}.Release|Mixed Platforms.Build.0 = Release|Any CPU
		{4C344D86-4086-4F87-BD0F-4F8E23610CD7}.Release|x86.ActiveCfg = Release|Any CPU
		{FFCFED07-CD7C-46F9-98E5-B9D9116E40B1}.Debug|Any CPU.ActiveCfg = Debug|Any CPU
		{FFCFED07-CD7C-46F9-98E5-B9D9116E40B1}.Debug|Any CPU.Build.0 = Debug|Any CPU
		{FFCFED07-CD7C-46F9-98E5-B9D9116E40B1}.Debug|Mixed Platforms.ActiveCfg = Debug|Any CPU
		{FFCFED07-CD7C-46F9-98E5-B9D9116E40B1}.Debug|Mixed Platforms.Build.0 = Debug|Any CPU
		{FFCFED07-CD7C-46F9-98E5-B9D9116E40B1}.Debug|x86.ActiveCfg = Debug|Any CPU
		{FFCFED07-CD7C-46F9-98E5-B9D9116E40B1}.Release|Any CPU.ActiveCfg = Release|Any CPU
		{FFCFED07-CD7C-46F9-98E5-B9D9116E40B1}.Release|Any CPU.Build.0 = Release|Any CPU
		{FFCFED07-CD7C-46F9-98E5-B9D9116E40B1}.Release|Mixed Platforms.ActiveCfg = Release|Any CPU
		{FFCFED07-CD7C-46F9-98E5-B9D9116E40B1}.Release|Mixed Platforms.Build.0 = Release|Any CPU
		{FFCFED07-CD7C-46F9-98E5-B9D9116E40B1}.Release|x86.ActiveCfg = Release|Any CPU
		{3756CC69-7152-486A-9D5E-8E9D36B22775}.Debug|Any CPU.ActiveCfg = Debug|Any CPU
		{3756CC69-7152-486A-9D5E-8E9D36B22775}.Debug|Any CPU.Build.0 = Debug|Any CPU
		{3756CC69-7152-486A-9D5E-8E9D36B22775}.Debug|Mixed Platforms.ActiveCfg = Debug|Any CPU
		{3756CC69-7152-486A-9D5E-8E9D36B22775}.Debug|Mixed Platforms.Build.0 = Debug|Any CPU
		{3756CC69-7152-486A-9D5E-8E9D36B22775}.Debug|x86.ActiveCfg = Debug|Any CPU
		{3756CC69-7152-486A-9D5E-8E9D36B22775}.Release|Any CPU.ActiveCfg = Release|Any CPU
		{3756CC69-7152-486A-9D5E-8E9D36B22775}.Release|Any CPU.Build.0 = Release|Any CPU
		{3756CC69-7152-486A-9D5E-8E9D36B22775}.Release|Mixed Platforms.ActiveCfg = Release|Any CPU
		{3756CC69-7152-486A-9D5E-8E9D36B22775}.Release|Mixed Platforms.Build.0 = Release|Any CPU
		{3756CC69-7152-486A-9D5E-8E9D36B22775}.Release|x86.ActiveCfg = Release|Any CPU
		{E3D0AA93-144A-4D2D-A41B-8D29E01D4566}.Debug|Any CPU.ActiveCfg = Debug|Any CPU
		{E3D0AA93-144A-4D2D-A41B-8D29E01D4566}.Debug|Any CPU.Build.0 = Debug|Any CPU
		{E3D0AA93-144A-4D2D-A41B-8D29E01D4566}.Debug|Mixed Platforms.ActiveCfg = Debug|Any CPU
		{E3D0AA93-144A-4D2D-A41B-8D29E01D4566}.Debug|Mixed Platforms.Build.0 = Debug|Any CPU
		{E3D0AA93-144A-4D2D-A41B-8D29E01D4566}.Debug|x86.ActiveCfg = Debug|Any CPU
		{E3D0AA93-144A-4D2D-A41B-8D29E01D4566}.Release|Any CPU.ActiveCfg = Release|Any CPU
		{E3D0AA93-144A-4D2D-A41B-8D29E01D4566}.Release|Any CPU.Build.0 = Release|Any CPU
		{E3D0AA93-144A-4D2D-A41B-8D29E01D4566}.Release|Mixed Platforms.ActiveCfg = Release|Any CPU
		{E3D0AA93-144A-4D2D-A41B-8D29E01D4566}.Release|Mixed Platforms.Build.0 = Release|Any CPU
		{E3D0AA93-144A-4D2D-A41B-8D29E01D4566}.Release|x86.ActiveCfg = Release|Any CPU
		{F316D824-798F-4A03-9926-F1A4CCE66B61}.Debug|Any CPU.ActiveCfg = Debug|Any CPU
		{F316D824-798F-4A03-9926-F1A4CCE66B61}.Debug|Any CPU.Build.0 = Debug|Any CPU
		{F316D824-798F-4A03-9926-F1A4CCE66B61}.Debug|Mixed Platforms.ActiveCfg = Debug|Any CPU
		{F316D824-798F-4A03-9926-F1A4CCE66B61}.Debug|Mixed Platforms.Build.0 = Debug|Any CPU
		{F316D824-798F-4A03-9926-F1A4CCE66B61}.Debug|x86.ActiveCfg = Debug|Any CPU
		{F316D824-798F-4A03-9926-F1A4CCE66B61}.Debug|x86.Build.0 = Debug|Any CPU
		{F316D824-798F-4A03-9926-F1A4CCE66B61}.Release|Any CPU.ActiveCfg = Release|Any CPU
		{F316D824-798F-4A03-9926-F1A4CCE66B61}.Release|Any CPU.Build.0 = Release|Any CPU
		{F316D824-798F-4A03-9926-F1A4CCE66B61}.Release|Mixed Platforms.ActiveCfg = Release|Any CPU
		{F316D824-798F-4A03-9926-F1A4CCE66B61}.Release|Mixed Platforms.Build.0 = Release|Any CPU
		{F316D824-798F-4A03-9926-F1A4CCE66B61}.Release|x86.ActiveCfg = Release|Any CPU
		{F316D824-798F-4A03-9926-F1A4CCE66B61}.Release|x86.Build.0 = Release|Any CPU
		{6DF8CDD3-6864-4D32-845B-D17AB4D78F1C}.Debug|Any CPU.ActiveCfg = Debug|Any CPU
		{6DF8CDD3-6864-4D32-845B-D17AB4D78F1C}.Debug|Any CPU.Build.0 = Debug|Any CPU
		{6DF8CDD3-6864-4D32-845B-D17AB4D78F1C}.Debug|Mixed Platforms.ActiveCfg = Debug|Any CPU
		{6DF8CDD3-6864-4D32-845B-D17AB4D78F1C}.Debug|Mixed Platforms.Build.0 = Debug|Any CPU
		{6DF8CDD3-6864-4D32-845B-D17AB4D78F1C}.Debug|x86.ActiveCfg = Debug|Any CPU
		{6DF8CDD3-6864-4D32-845B-D17AB4D78F1C}.Debug|x86.Build.0 = Debug|Any CPU
		{6DF8CDD3-6864-4D32-845B-D17AB4D78F1C}.Release|Any CPU.ActiveCfg = Release|Any CPU
		{6DF8CDD3-6864-4D32-845B-D17AB4D78F1C}.Release|Any CPU.Build.0 = Release|Any CPU
		{6DF8CDD3-6864-4D32-845B-D17AB4D78F1C}.Release|Mixed Platforms.ActiveCfg = Release|Any CPU
		{6DF8CDD3-6864-4D32-845B-D17AB4D78F1C}.Release|Mixed Platforms.Build.0 = Release|Any CPU
		{6DF8CDD3-6864-4D32-845B-D17AB4D78F1C}.Release|x86.ActiveCfg = Release|Any CPU
		{6DF8CDD3-6864-4D32-845B-D17AB4D78F1C}.Release|x86.Build.0 = Release|Any CPU
		{8A31F054-4A64-4BFE-BE30-8846424C71F5}.Debug|Any CPU.ActiveCfg = Debug|Any CPU
		{8A31F054-4A64-4BFE-BE30-8846424C71F5}.Debug|Any CPU.Build.0 = Debug|Any CPU
		{8A31F054-4A64-4BFE-BE30-8846424C71F5}.Debug|Mixed Platforms.ActiveCfg = Debug|Any CPU
		{8A31F054-4A64-4BFE-BE30-8846424C71F5}.Debug|Mixed Platforms.Build.0 = Debug|Any CPU
		{8A31F054-4A64-4BFE-BE30-8846424C71F5}.Debug|x86.ActiveCfg = Debug|Any CPU
		{8A31F054-4A64-4BFE-BE30-8846424C71F5}.Debug|x86.Build.0 = Debug|Any CPU
		{8A31F054-4A64-4BFE-BE30-8846424C71F5}.Release|Any CPU.ActiveCfg = Release|Any CPU
		{8A31F054-4A64-4BFE-BE30-8846424C71F5}.Release|Any CPU.Build.0 = Release|Any CPU
		{8A31F054-4A64-4BFE-BE30-8846424C71F5}.Release|Mixed Platforms.ActiveCfg = Release|Any CPU
		{8A31F054-4A64-4BFE-BE30-8846424C71F5}.Release|Mixed Platforms.Build.0 = Release|Any CPU
		{8A31F054-4A64-4BFE-BE30-8846424C71F5}.Release|x86.ActiveCfg = Release|Any CPU
		{8A31F054-4A64-4BFE-BE30-8846424C71F5}.Release|x86.Build.0 = Release|Any CPU
	EndGlobalSection
	GlobalSection(SolutionProperties) = preSolution
		HideSolutionNode = FALSE
	EndGlobalSection
EndGlobal
