
Microsoft Visual Studio Solution File, Format Version 12.00
# Visual Studio 2013
VisualStudioVersion = 12.0.30723.0
MinimumVisualStudioVersion = 10.0.40219.1
Project("{FAE04EC0-301F-11D3-BF4B-00C04F79EFBC}") = "Gallifrey", "Gallifrey\Gallifrey.csproj", "{4C344D86-4086-4F87-BD0F-4F8E23610CD7}"
EndProject
Project("{FAE04EC0-301F-11D3-BF4B-00C04F79EFBC}") = "Gallifrey.UI.Classic", "Gallifrey.UI.Classic\Gallifrey.UI.Classic.csproj", "{22A3FE08-499A-4818-8B1D-292FD11998B3}"
EndProject
Project("{FAE04EC0-301F-11D3-BF4B-00C04F79EFBC}") = "Gallifrey.UI.Classic.Beta", "Gallifrey.UI.Classic.Beta\Gallifrey.UI.Classic.Beta.csproj", "{262B6082-A86E-4989-96FC-7EB72B05C675}"
EndProject
Project("{FAE04EC0-301F-11D3-BF4B-00C04F79EFBC}") = "Gallifrey.Jira", "Gallifrey.Jira\Gallifrey.Jira.csproj", "{FFCFED07-CD7C-46F9-98E5-B9D9116E40B1}"
EndProject
Project("{FAE04EC0-301F-11D3-BF4B-00C04F79EFBC}") = "Gallifrey.CustomControls", "Gallifrey.CustomControls\Gallifrey.CustomControls.csproj", "{CF18E75E-8E0F-4AB0-9491-626C58026A3B}"
EndProject
Global
	GlobalSection(SolutionConfigurationPlatforms) = preSolution
		Debug|Any CPU = Debug|Any CPU
		Release|Any CPU = Release|Any CPU
	EndGlobalSection
	GlobalSection(ProjectConfigurationPlatforms) = postSolution
		{4C344D86-4086-4F87-BD0F-4F8E23610CD7}.Debug|Any CPU.ActiveCfg = Debug|Any CPU
		{4C344D86-4086-4F87-BD0F-4F8E23610CD7}.Debug|Any CPU.Build.0 = Debug|Any CPU
		{4C344D86-4086-4F87-BD0F-4F8E23610CD7}.Release|Any CPU.ActiveCfg = Release|Any CPU
		{4C344D86-4086-4F87-BD0F-4F8E23610CD7}.Release|Any CPU.Build.0 = Release|Any CPU
		{22A3FE08-499A-4818-8B1D-292FD11998B3}.Debug|Any CPU.ActiveCfg = Debug|Any CPU
		{22A3FE08-499A-4818-8B1D-292FD11998B3}.Debug|Any CPU.Build.0 = Debug|Any CPU
		{22A3FE08-499A-4818-8B1D-292FD11998B3}.Release|Any CPU.ActiveCfg = Release|Any CPU
		{22A3FE08-499A-4818-8B1D-292FD11998B3}.Release|Any CPU.Build.0 = Release|Any CPU
		{262B6082-A86E-4989-96FC-7EB72B05C675}.Debug|Any CPU.ActiveCfg = Debug|Any CPU
		{262B6082-A86E-4989-96FC-7EB72B05C675}.Debug|Any CPU.Build.0 = Debug|Any CPU
		{262B6082-A86E-4989-96FC-7EB72B05C675}.Release|Any CPU.ActiveCfg = Release|Any CPU
		{262B6082-A86E-4989-96FC-7EB72B05C675}.Release|Any CPU.Build.0 = Release|Any CPU
		{FFCFED07-CD7C-46F9-98E5-B9D9116E40B1}.Debug|Any CPU.ActiveCfg = Debug|Any CPU
		{FFCFED07-CD7C-46F9-98E5-B9D9116E40B1}.Debug|Any CPU.Build.0 = Debug|Any CPU
		{FFCFED07-CD7C-46F9-98E5-B9D9116E40B1}.Release|Any CPU.ActiveCfg = Release|Any CPU
		{FFCFED07-CD7C-46F9-98E5-B9D9116E40B1}.Release|Any CPU.Build.0 = Release|Any CPU
		{CF18E75E-8E0F-4AB0-9491-626C58026A3B}.Debug|Any CPU.ActiveCfg = Debug|Any CPU
		{CF18E75E-8E0F-4AB0-9491-626C58026A3B}.Debug|Any CPU.Build.0 = Debug|Any CPU
		{CF18E75E-8E0F-4AB0-9491-626C58026A3B}.Release|Any CPU.ActiveCfg = Release|Any CPU
		{CF18E75E-8E0F-4AB0-9491-626C58026A3B}.Release|Any CPU.Build.0 = Release|Any CPU
	EndGlobalSection
	GlobalSection(SolutionProperties) = preSolution
		HideSolutionNode = FALSE
	EndGlobalSection
EndGlobal
